// !$*UTF8*$!
{
	archiveVersion = 1;
	classes = {
	};
	objectVersion = 46;
	objects = {

/* Begin PBXFileReference section */
		481F4B481BB79AF300E39337 /* Makefile */ = {isa = PBXFileReference; fileEncoding = 4; lastKnownFileType = sourcecode.make; path = Makefile; sourceTree = "<group>"; };
		481F4B491BB7A09E00E39337 /* cpfa_test.txt */ = {isa = PBXFileReference; fileEncoding = 4; lastKnownFileType = text; path = cpfa_test.txt; sourceTree = "<group>"; };
		481F4B4A1BB7A09E00E39337 /* cpfa.pb.cc */ = {isa = PBXFileReference; fileEncoding = 4; lastKnownFileType = sourcecode.cpp.cpp; path = cpfa.pb.cc; sourceTree = "<group>"; };
		481F4B4B1BB7A09E00E39337 /* cpfa.pb.h */ = {isa = PBXFileReference; fileEncoding = 4; lastKnownFileType = sourcecode.c.h; path = cpfa.pb.h; sourceTree = "<group>"; };
		481F4B4C1BB7A09E00E39337 /* test_pb.cpp */ = {isa = PBXFileReference; fileEncoding = 4; lastKnownFileType = sourcecode.cpp.cpp; path = test_pb.cpp; sourceTree = "<group>"; };
		481F4B4D1BB7A09E00E39337 /* test_zmq.cpp */ = {isa = PBXFileReference; fileEncoding = 4; lastKnownFileType = sourcecode.cpp.cpp; path = test_zmq.cpp; sourceTree = "<group>"; };
		481F4B4E1BB7A09E00E39337 /* zmq.hpp */ = {isa = PBXFileReference; fileEncoding = 4; lastKnownFileType = sourcecode.cpp.h; path = zmq.hpp; sourceTree = "<group>"; };
		481F4B4F1BB7A1FE00E39337 /* gaworker.cpp */ = {isa = PBXFileReference; lastKnownFileType = sourcecode.cpp.cpp; path = gaworker.cpp; sourceTree = "<group>"; };
		481F4B501BB7A1FE00E39337 /* gaworker.hpp */ = {isa = PBXFileReference; lastKnownFileType = sourcecode.cpp.h; path = gaworker.hpp; sourceTree = "<group>"; };
		481F4B511BB7B4BD00E39337 /* proto */ = {isa = PBXFileReference; lastKnownFileType = folder; path = proto; sourceTree = "<group>"; };
/* End PBXFileReference section */

/* Begin PBXGroup section */
		481F4B3D1BB79AD200E39337 = {
			isa = PBXGroup;
			children = (
				481F4B511BB7B4BD00E39337 /* proto */,
				481F4B491BB7A09E00E39337 /* cpfa_test.txt */,
				481F4B4A1BB7A09E00E39337 /* cpfa.pb.cc */,
				481F4B4B1BB7A09E00E39337 /* cpfa.pb.h */,
				481F4B4C1BB7A09E00E39337 /* test_pb.cpp */,
				481F4B4D1BB7A09E00E39337 /* test_zmq.cpp */,
				481F4B4F1BB7A1FE00E39337 /* gaworker.cpp */,
				481F4B501BB7A1FE00E39337 /* gaworker.hpp */,
				481F4B4E1BB7A09E00E39337 /* zmq.hpp */,
				481F4B481BB79AF300E39337 /* Makefile */,
			);
			sourceTree = "<group>";
		};
/* End PBXGroup section */

/* Begin PBXLegacyTarget section */
		481F4B421BB79AD200E39337 /* worker */ = {
			isa = PBXLegacyTarget;
			buildArgumentsString = "$(ACTION)";
			buildConfigurationList = 481F4B451BB79AD200E39337 /* Build configuration list for PBXLegacyTarget "worker" */;
			buildPhases = (
			);
			buildToolPath = /usr/bin/make;
			dependencies = (
			);
			name = worker;
			passBuildSettingsInEnvironment = 1;
			productName = worker;
		};
/* End PBXLegacyTarget section */

/* Begin PBXProject section */
		481F4B3E1BB79AD200E39337 /* Project object */ = {
			isa = PBXProject;
			attributes = {
				LastUpgradeCheck = 0700;
				ORGANIZATIONNAME = "Troy Squillaci";
				TargetAttributes = {
					481F4B421BB79AD200E39337 = {
						CreatedOnToolsVersion = 7.0;
					};
				};
			};
			buildConfigurationList = 481F4B411BB79AD200E39337 /* Build configuration list for PBXProject "worker" */;
			compatibilityVersion = "Xcode 3.2";
			developmentRegion = English;
			hasScannedForEncodings = 0;
			knownRegions = (
				en,
			);
			mainGroup = 481F4B3D1BB79AD200E39337;
			projectDirPath = "";
			projectRoot = "";
			targets = (
				481F4B421BB79AD200E39337 /* worker */,
			);
		};
/* End PBXProject section */

/* Begin XCBuildConfiguration section */
		481F4B431BB79AD200E39337 /* Debug */ = {
			isa = XCBuildConfiguration;
			buildSettings = {
				ALWAYS_SEARCH_USER_PATHS = NO;
				CLANG_CXX_LANGUAGE_STANDARD = "gnu++0x";
				CLANG_CXX_LIBRARY = "libc++";
				CLANG_ENABLE_MODULES = YES;
				CLANG_ENABLE_OBJC_ARC = YES;
				CLANG_WARN_BOOL_CONVERSION = YES;
				CLANG_WARN_CONSTANT_CONVERSION = YES;
				CLANG_WARN_DIRECT_OBJC_ISA_USAGE = YES_ERROR;
				CLANG_WARN_EMPTY_BODY = YES;
				CLANG_WARN_ENUM_CONVERSION = YES;
				CLANG_WARN_INT_CONVERSION = YES;
				CLANG_WARN_OBJC_ROOT_CLASS = YES_ERROR;
				CLANG_WARN_UNREACHABLE_CODE = YES;
				CLANG_WARN__DUPLICATE_METHOD_MATCH = YES;
				COPY_PHASE_STRIP = NO;
				DEBUG_INFORMATION_FORMAT = dwarf;
				ENABLE_STRICT_OBJC_MSGSEND = YES;
				ENABLE_TESTABILITY = YES;
				GCC_C_LANGUAGE_STANDARD = gnu99;
				GCC_DYNAMIC_NO_PIC = NO;
				GCC_NO_COMMON_BLOCKS = YES;
				GCC_OPTIMIZATION_LEVEL = 0;
				GCC_PREPROCESSOR_DEFINITIONS = (
					"DEBUG=1",
					"$(inherited)",
				);
				GCC_WARN_64_TO_32_BIT_CONVERSION = YES;
				GCC_WARN_ABOUT_RETURN_TYPE = YES_ERROR;
				GCC_WARN_UNDECLARED_SELECTOR = YES;
				GCC_WARN_UNINITIALIZED_AUTOS = YES_AGGRESSIVE;
				GCC_WARN_UNUSED_FUNCTION = YES;
				GCC_WARN_UNUSED_VARIABLE = YES;
				MTL_ENABLE_DEBUG_INFO = YES;
				ONLY_ACTIVE_ARCH = YES;
			};
			name = Debug;
		};
		481F4B441BB79AD200E39337 /* Release */ = {
			isa = XCBuildConfiguration;
			buildSettings = {
				ALWAYS_SEARCH_USER_PATHS = NO;
				CLANG_CXX_LANGUAGE_STANDARD = "gnu++0x";
				CLANG_CXX_LIBRARY = "libc++";
				CLANG_ENABLE_MODULES = YES;
				CLANG_ENABLE_OBJC_ARC = YES;
				CLANG_WARN_BOOL_CONVERSION = YES;
				CLANG_WARN_CONSTANT_CONVERSION = YES;
				CLANG_WARN_DIRECT_OBJC_ISA_USAGE = YES_ERROR;
				CLANG_WARN_EMPTY_BODY = YES;
				CLANG_WARN_ENUM_CONVERSION = YES;
				CLANG_WARN_INT_CONVERSION = YES;
				CLANG_WARN_OBJC_ROOT_CLASS = YES_ERROR;
				CLANG_WARN_UNREACHABLE_CODE = YES;
				CLANG_WARN__DUPLICATE_METHOD_MATCH = YES;
				COPY_PHASE_STRIP = NO;
				DEBUG_INFORMATION_FORMAT = "dwarf-with-dsym";
				ENABLE_NS_ASSERTIONS = NO;
				ENABLE_STRICT_OBJC_MSGSEND = YES;
				GCC_C_LANGUAGE_STANDARD = gnu99;
				GCC_NO_COMMON_BLOCKS = YES;
				GCC_WARN_64_TO_32_BIT_CONVERSION = YES;
				GCC_WARN_ABOUT_RETURN_TYPE = YES_ERROR;
				GCC_WARN_UNDECLARED_SELECTOR = YES;
				GCC_WARN_UNINITIALIZED_AUTOS = YES_AGGRESSIVE;
				GCC_WARN_UNUSED_FUNCTION = YES;
				GCC_WARN_UNUSED_VARIABLE = YES;
				MTL_ENABLE_DEBUG_INFO = NO;
			};
			name = Release;
		};
		481F4B461BB79AD200E39337 /* Debug */ = {
			isa = XCBuildConfiguration;
			buildSettings = {
				DEBUGGING_SYMBOLS = YES;
				DEBUG_INFORMATION_FORMAT = dwarf;
				GCC_GENERATE_DEBUGGING_SYMBOLS = YES;
				GCC_OPTIMIZATION_LEVEL = 0;
				OTHER_CFLAGS = "";
				OTHER_LDFLAGS = "";
				PRODUCT_NAME = "$(TARGET_NAME)";
			};
			name = Debug;
		};
		481F4B471BB79AD200E39337 /* Release */ = {
			isa = XCBuildConfiguration;
			buildSettings = {
				DEBUG_INFORMATION_FORMAT = "dwarf-with-dsym";
				OTHER_CFLAGS = "";
				OTHER_LDFLAGS = "";
				PRODUCT_NAME = "$(TARGET_NAME)";
			};
			name = Release;
		};
/* End XCBuildConfiguration section */

/* Begin XCConfigurationList section */
		481F4B411BB79AD200E39337 /* Build configuration list for PBXProject "worker" */ = {
			isa = XCConfigurationList;
			buildConfigurations = (
				481F4B431BB79AD200E39337 /* Debug */,
				481F4B441BB79AD200E39337 /* Release */,
			);
			defaultConfigurationIsVisible = 0;
			defaultConfigurationName = Release;
		};
		481F4B451BB79AD200E39337 /* Build configuration list for PBXLegacyTarget "worker" */ = {
			isa = XCConfigurationList;
			buildConfigurations = (
				481F4B461BB79AD200E39337 /* Debug */,
				481F4B471BB79AD200E39337 /* Release */,
			);
			defaultConfigurationIsVisible = 0;
			defaultConfigurationName = Release;
		};
/* End XCConfigurationList section */
	};
	rootObject = 481F4B3E1BB79AD200E39337 /* Project object */;
}
